
Microsoft Visual Studio Solution File, Format Version 11.00
# Visual Studio 2010
Project("{FAE04EC0-301F-11D3-BF4B-00C04F79EFBC}") = "Zyrenth Windows", "Zyrenth Windows\Zyrenth Windows.csproj", "{2BEFED4B-7362-4073-A6E6-4637B95434C4}"
EndProject
Project("{FAE04EC0-301F-11D3-BF4B-00C04F79EFBC}") = "ZyrTest", "ZyrTest\ZyrTest.csproj", "{BF530193-5BDE-46A5-8225-3E839430A72F}"
EndProject
Project("{FAE04EC0-301F-11D3-BF4B-00C04F79EFBC}") = "GtkTest", "GtkTest\GtkTest.csproj", "{6B47F50F-9AFB-4236-865B-7F486A33DC8E}"
EndProject
Project("{FAE04EC0-301F-11D3-BF4B-00C04F79EFBC}") = "Zyrenth GTK", "Zyrenth GTK\Zyrenth GTK.csproj", "{FA6A306D-F3EC-49B1-8828-97C44DCCCB52}"
EndProject
Project("{FAE04EC0-301F-11D3-BF4B-00C04F79EFBC}") = "Zyrenth", "Zyrenth\Zyrenth.csproj", "{D7D13BCB-1316-4798-9406-5A1859E93532}"
EndProject
Project("{FAE04EC0-301F-11D3-BF4B-00C04F79EFBC}") = "Zyrenth Web", "Zyrenth Web\Zyrenth Web.csproj", "{119CCBD6-2469-4233-8555-43637978ADD8}"
EndProject
Global
	GlobalSection(SolutionConfigurationPlatforms) = preSolution
		Debug|Any CPU = Debug|Any CPU
		Debug|Mixed Platforms = Debug|Mixed Platforms
		Debug|x86 = Debug|x86
		Release|Any CPU = Release|Any CPU
		Release|Mixed Platforms = Release|Mixed Platforms
		Release|x86 = Release|x86
	EndGlobalSection
	GlobalSection(ProjectConfigurationPlatforms) = postSolution
		{2BEFED4B-7362-4073-A6E6-4637B95434C4}.Debug|Any CPU.ActiveCfg = Debug|Any CPU
		{2BEFED4B-7362-4073-A6E6-4637B95434C4}.Debug|Any CPU.Build.0 = Debug|Any CPU
		{2BEFED4B-7362-4073-A6E6-4637B95434C4}.Debug|Mixed Platforms.ActiveCfg = Debug|Any CPU
		{2BEFED4B-7362-4073-A6E6-4637B95434C4}.Debug|Mixed Platforms.Build.0 = Debug|Any CPU
		{2BEFED4B-7362-4073-A6E6-4637B95434C4}.Debug|x86.ActiveCfg = Debug|Any CPU
		{2BEFED4B-7362-4073-A6E6-4637B95434C4}.Release|Any CPU.ActiveCfg = Release|Any CPU
		{2BEFED4B-7362-4073-A6E6-4637B95434C4}.Release|Any CPU.Build.0 = Release|Any CPU
		{2BEFED4B-7362-4073-A6E6-4637B95434C4}.Release|Mixed Platforms.ActiveCfg = Release|Any CPU
		{2BEFED4B-7362-4073-A6E6-4637B95434C4}.Release|Mixed Platforms.Build.0 = Release|Any CPU
		{2BEFED4B-7362-4073-A6E6-4637B95434C4}.Release|x86.ActiveCfg = Release|Any CPU
		{BF530193-5BDE-46A5-8225-3E839430A72F}.Debug|Any CPU.ActiveCfg = Debug|x86
		{BF530193-5BDE-46A5-8225-3E839430A72F}.Debug|Mixed Platforms.ActiveCfg = Debug|x86
		{BF530193-5BDE-46A5-8225-3E839430A72F}.Debug|Mixed Platforms.Build.0 = Debug|x86
		{BF530193-5BDE-46A5-8225-3E839430A72F}.Debug|x86.ActiveCfg = Debug|x86
		{BF530193-5BDE-46A5-8225-3E839430A72F}.Debug|x86.Build.0 = Debug|x86
		{BF530193-5BDE-46A5-8225-3E839430A72F}.Release|Any CPU.ActiveCfg = Release|x86
		{BF530193-5BDE-46A5-8225-3E839430A72F}.Release|Any CPU.Build.0 = Release|x86
		{BF530193-5BDE-46A5-8225-3E839430A72F}.Release|Mixed Platforms.ActiveCfg = Release|x86
		{BF530193-5BDE-46A5-8225-3E839430A72F}.Release|Mixed Platforms.Build.0 = Release|x86
		{BF530193-5BDE-46A5-8225-3E839430A72F}.Release|x86.ActiveCfg = Release|x86
		{BF530193-5BDE-46A5-8225-3E839430A72F}.Release|x86.Build.0 = Release|x86
		{6B47F50F-9AFB-4236-865B-7F486A33DC8E}.Debug|Any CPU.ActiveCfg = Debug|Any CPU
		{6B47F50F-9AFB-4236-865B-7F486A33DC8E}.Debug|Any CPU.Build.0 = Debug|Any CPU
		{6B47F50F-9AFB-4236-865B-7F486A33DC8E}.Debug|Mixed Platforms.ActiveCfg = Debug|Any CPU
		{6B47F50F-9AFB-4236-865B-7F486A33DC8E}.Debug|Mixed Platforms.Build.0 = Debug|Any CPU
		{6B47F50F-9AFB-4236-865B-7F486A33DC8E}.Debug|x86.ActiveCfg = Debug|Any CPU
		{6B47F50F-9AFB-4236-865B-7F486A33DC8E}.Debug|x86.Build.0 = Debug|Any CPU
		{6B47F50F-9AFB-4236-865B-7F486A33DC8E}.Release|Any CPU.ActiveCfg = Release|Any CPU
		{6B47F50F-9AFB-4236-865B-7F486A33DC8E}.Release|Any CPU.Build.0 = Release|Any CPU
		{6B47F50F-9AFB-4236-865B-7F486A33DC8E}.Release|Mixed Platforms.ActiveCfg = Release|Any CPU
		{6B47F50F-9AFB-4236-865B-7F486A33DC8E}.Release|Mixed Platforms.Build.0 = Release|Any CPU
		{6B47F50F-9AFB-4236-865B-7F486A33DC8E}.Release|x86.ActiveCfg = Release|Any CPU
		{6B47F50F-9AFB-4236-865B-7F486A33DC8E}.Release|x86.Build.0 = Release|Any CPU
		{FA6A306D-F3EC-49B1-8828-97C44DCCCB52}.Debug|Any CPU.ActiveCfg = Debug|Any CPU
		{FA6A306D-F3EC-49B1-8828-97C44DCCCB52}.Debug|Any CPU.Build.0 = Debug|Any CPU
		{FA6A306D-F3EC-49B1-8828-97C44DCCCB52}.Debug|Mixed Platforms.ActiveCfg = Debug|Any CPU
		{FA6A306D-F3EC-49B1-8828-97C44DCCCB52}.Debug|Mixed Platforms.Build.0 = Debug|Any CPU
		{FA6A306D-F3EC-49B1-8828-97C44DCCCB52}.Debug|x86.ActiveCfg = Debug|Any CPU
		{FA6A306D-F3EC-49B1-8828-97C44DCCCB52}.Debug|x86.Build.0 = Debug|Any CPU
		{FA6A306D-F3EC-49B1-8828-97C44DCCCB52}.Release|Any CPU.ActiveCfg = Release|Any CPU
		{FA6A306D-F3EC-49B1-8828-97C44DCCCB52}.Release|Any CPU.Build.0 = Release|Any CPU
		{FA6A306D-F3EC-49B1-8828-97C44DCCCB52}.Release|Mixed Platforms.ActiveCfg = Release|Any CPU
		{FA6A306D-F3EC-49B1-8828-97C44DCCCB52}.Release|Mixed Platforms.Build.0 = Release|Any CPU
		{FA6A306D-F3EC-49B1-8828-97C44DCCCB52}.Release|x86.ActiveCfg = Release|Any CPU
		{FA6A306D-F3EC-49B1-8828-97C44DCCCB52}.Release|x86.Build.0 = Release|Any CPU
		{D7D13BCB-1316-4798-9406-5A1859E93532}.Debug|Any CPU.ActiveCfg = Debug|Any CPU
		{D7D13BCB-1316-4798-9406-5A1859E93532}.Debug|Any CPU.Build.0 = Debug|Any CPU
		{D7D13BCB-1316-4798-9406-5A1859E93532}.Debug|Mixed Platforms.ActiveCfg = Debug|Any CPU
		{D7D13BCB-1316-4798-9406-5A1859E93532}.Debug|Mixed Platforms.Build.0 = Debug|Any CPU
		{D7D13BCB-1316-4798-9406-5A1859E93532}.Debug|x86.ActiveCfg = Debug|Any CPU
		{D7D13BCB-1316-4798-9406-5A1859E93532}.Debug|x86.Build.0 = Debug|Any CPU
		{D7D13BCB-1316-4798-9406-5A1859E93532}.Release|Any CPU.ActiveCfg = Release|Any CPU
		{D7D13BCB-1316-4798-9406-5A1859E93532}.Release|Any CPU.Build.0 = Release|Any CPU
		{D7D13BCB-1316-4798-9406-5A1859E93532}.Release|Mixed Platforms.ActiveCfg = Release|Any CPU
		{D7D13BCB-1316-4798-9406-5A1859E93532}.Release|Mixed Platforms.Build.0 = Release|Any CPU
		{D7D13BCB-1316-4798-9406-5A1859E93532}.Release|x86.ActiveCfg = Release|Any CPU
		{D7D13BCB-1316-4798-9406-5A1859E93532}.Release|x86.Build.0 = Release|Any CPU
		{119CCBD6-2469-4233-8555-43637978ADD8}.Debug|Any CPU.ActiveCfg = Debug|Any CPU
		{119CCBD6-2469-4233-8555-43637978ADD8}.Debug|Any CPU.Build.0 = Debug|Any CPU
		{119CCBD6-2469-4233-8555-43637978ADD8}.Debug|Mixed Platforms.ActiveCfg = Debug|Any CPU
		{119CCBD6-2469-4233-8555-43637978ADD8}.Debug|Mixed Platforms.Build.0 = Debug|Any CPU
		{119CCBD6-2469-4233-8555-43637978ADD8}.Debug|x86.ActiveCfg = Debug|Any CPU
		{119CCBD6-2469-4233-8555-43637978ADD8}.Release|Any CPU.ActiveCfg = Release|Any CPU
		{119CCBD6-2469-4233-8555-43637978ADD8}.Release|Any CPU.Build.0 = Release|Any CPU
		{119CCBD6-2469-4233-8555-43637978ADD8}.Release|Mixed Platforms.ActiveCfg = Release|Any CPU
		{119CCBD6-2469-4233-8555-43637978ADD8}.Release|Mixed Platforms.Build.0 = Release|Any CPU
		{119CCBD6-2469-4233-8555-43637978ADD8}.Release|x86.ActiveCfg = Release|Any CPU
	EndGlobalSection
	GlobalSection(SolutionProperties) = preSolution
		HideSolutionNode = FALSE
	EndGlobalSection
	GlobalSection(MonoDevelopProperties) = preSolution
		StartupItem = ZyrTest\ZyrTest.csproj
		Policies = $0
		$0.TextStylePolicy = $1
		$1.inheritsSet = null
		$1.scope = text/x-csharp
		$0.CSharpFormattingPolicy = $2
		$2.inheritsSet = Mono
		$2.inheritsScope = text/x-csharp
		$2.scope = text/x-csharp
		$0.TextStylePolicy = $3
		$3.FileWidth = 120
		$3.TabWidth = 4
		$3.inheritsSet = Mono
		$3.inheritsScope = text/plain
		$3.scope = text/plain
		$0.TextStylePolicy = $4
		$4.inheritsSet = null
		$4.scope = application/x-resource
		$0.StandardHeader = $5
		$5.Text = 
		$5.inheritsSet = Apache2License
		$0.VersionControlPolicy = $6
		$6.inheritsSet = Mono
		$0.ChangeLogPolicy = $7
		$7.UpdateMode = None
		$7.MessageStyle = $8
		$8.LineAlign = 0
		$7.inheritsSet = Mono
	EndGlobalSection
EndGlobal
